
Microsoft Visual Studio Solution File, Format Version 12.00
# Visual Studio Version 17
VisualStudioVersion = 17.0.31903.59
MinimumVisualStudioVersion = 10.0.40219.1
Project("{FAE04EC0-301F-11D3-BF4B-00C04F79EFBC}") = "API", "API\API.csproj", "{5581DFAB-8C9A-4042-9679-4F264B90FD0A}"
EndProject
Project("{FAE04EC0-301F-11D3-BF4B-00C04F79EFBC}") = "Infrastructure", "Infrastructure\Infrastructure.csproj", "{8CF9CBFB-CCAD-4747-95AE-8E5DAF2B6CE3}"
EndProject
Project("{FAE04EC0-301F-11D3-BF4B-00C04F79EFBC}") = "Core", "Core\Core.csproj", "{DF7432D5-8B32-4767-A09B-01E5D0EC3809}"
EndProject
Global
	GlobalSection(SolutionConfigurationPlatforms) = preSolution
		Debug|Any CPU = Debug|Any CPU
		Release|Any CPU = Release|Any CPU
	EndGlobalSection
	GlobalSection(SolutionProperties) = preSolution
		HideSolutionNode = FALSE
	EndGlobalSection
	GlobalSection(ProjectConfigurationPlatforms) = postSolution
		{5581DFAB-8C9A-4042-9679-4F264B90FD0A}.Debug|Any CPU.ActiveCfg = Debug|Any CPU
		{5581DFAB-8C9A-4042-9679-4F264B90FD0A}.Debug|Any CPU.Build.0 = Debug|Any CPU
		{5581DFAB-8C9A-4042-9679-4F264B90FD0A}.Release|Any CPU.ActiveCfg = Release|Any CPU
		{5581DFAB-8C9A-4042-9679-4F264B90FD0A}.Release|Any CPU.Build.0 = Release|Any CPU
		{8CF9CBFB-CCAD-4747-95AE-8E5DAF2B6CE3}.Debug|Any CPU.ActiveCfg = Debug|Any CPU
		{8CF9CBFB-CCAD-4747-95AE-8E5DAF2B6CE3}.Debug|Any CPU.Build.0 = Debug|Any CPU
		{8CF9CBFB-CCAD-4747-95AE-8E5DAF2B6CE3}.Release|Any CPU.ActiveCfg = Release|Any CPU
		{8CF9CBFB-CCAD-4747-95AE-8E5DAF2B6CE3}.Release|Any CPU.Build.0 = Release|Any CPU
		{DF7432D5-8B32-4767-A09B-01E5D0EC3809}.Debug|Any CPU.ActiveCfg = Debug|Any CPU
		{DF7432D5-8B32-4767-A09B-01E5D0EC3809}.Debug|Any CPU.Build.0 = Debug|Any CPU
		{DF7432D5-8B32-4767-A09B-01E5D0EC3809}.Release|Any CPU.ActiveCfg = Release|Any CPU
		{DF7432D5-8B32-4767-A09B-01E5D0EC3809}.Release|Any CPU.Build.0 = Release|Any CPU
	EndGlobalSection
EndGlobal
